// !$*UTF8*$!
{
	archiveVersion = 1;
	classes = {
	};
	objectVersion = 46;
	objects = {

/* Begin PBXBuildFile section */
		EC2D6B1C1F1395F100CB0FD2 /* Stanza.swift in Sources */ = {isa = PBXBuildFile; fileRef = EC2D6B1B1F1395F100CB0FD2 /* Stanza.swift */; };
		EC2D6B1E1F13965E00CB0FD2 /* spiderman.mov in Resources */ = {isa = PBXBuildFile; fileRef = EC2D6B1D1F13965E00CB0FD2 /* spiderman.mov */; };
		EC2D6B221F13991800CB0FD2 /* SubtitleTests.swift in Sources */ = {isa = PBXBuildFile; fileRef = EC2D6B211F13991800CB0FD2 /* SubtitleTests.swift */; };
		EC2D6B241F1399C100CB0FD2 /* TestConstants.swift in Sources */ = {isa = PBXBuildFile; fileRef = EC2D6B231F1399C100CB0FD2 /* TestConstants.swift */; };
		EC2D6B2A1F139E5700CB0FD2 /* Subtitle.swift in Sources */ = {isa = PBXBuildFile; fileRef = EC2D6B291F139E5700CB0FD2 /* Subtitle.swift */; };
		EC2D6B2F1F14591200CB0FD2 /* test.txt in Resources */ = {isa = PBXBuildFile; fileRef = EC2D6B2E1F14591200CB0FD2 /* test.txt */; };
		EC2D6B301F14591200CB0FD2 /* test.txt in Resources */ = {isa = PBXBuildFile; fileRef = EC2D6B2E1F14591200CB0FD2 /* test.txt */; };
		EC2D6B321F1460F200CB0FD2 /* spiderman.srt in Resources */ = {isa = PBXBuildFile; fileRef = EC2D6B311F1460F200CB0FD2 /* spiderman.srt */; };
		EC2D6B331F1460F200CB0FD2 /* spiderman.srt in Resources */ = {isa = PBXBuildFile; fileRef = EC2D6B311F1460F200CB0FD2 /* spiderman.srt */; };
		EC5681981F10F64A00C139CE /* MyTime.swift in Sources */ = {isa = PBXBuildFile; fileRef = EC5681971F10F64A00C139CE /* MyTime.swift */; };
		EC56819A1F10FFB200C139CE /* MyTimeDummy.swift in Sources */ = {isa = PBXBuildFile; fileRef = EC5681991F10FFB200C139CE /* MyTimeDummy.swift */; };
		ECD64A5E1F0A4536004BFA93 /* AppDelegate.swift in Sources */ = {isa = PBXBuildFile; fileRef = ECD64A5D1F0A4536004BFA93 /* AppDelegate.swift */; };
		ECD64A601F0A4536004BFA93 /* ViewController.swift in Sources */ = {isa = PBXBuildFile; fileRef = ECD64A5F1F0A4536004BFA93 /* ViewController.swift */; };
		ECD64A631F0A4536004BFA93 /* Main.storyboard in Resources */ = {isa = PBXBuildFile; fileRef = ECD64A611F0A4536004BFA93 /* Main.storyboard */; };
		ECD64A651F0A4536004BFA93 /* Assets.xcassets in Resources */ = {isa = PBXBuildFile; fileRef = ECD64A641F0A4536004BFA93 /* Assets.xcassets */; };
		ECD64A681F0A4536004BFA93 /* LaunchScreen.storyboard in Resources */ = {isa = PBXBuildFile; fileRef = ECD64A661F0A4536004BFA93 /* LaunchScreen.storyboard */; };
		ECD64A731F0A4536004BFA93 /* TimeMockTests.swift in Sources */ = {isa = PBXBuildFile; fileRef = ECD64A721F0A4536004BFA93 /* TimeMockTests.swift */; };
		ECD64A7E1F0A4552004BFA93 /* ITime.swift in Sources */ = {isa = PBXBuildFile; fileRef = ECD64A7D1F0A4552004BFA93 /* ITime.swift */; };
/* End PBXBuildFile section */

/* Begin PBXContainerItemProxy section */
		ECD64A6F1F0A4536004BFA93 /* PBXContainerItemProxy */ = {
			isa = PBXContainerItemProxy;
			containerPortal = ECD64A521F0A4536004BFA93 /* Project object */;
			proxyType = 1;
			remoteGlobalIDString = ECD64A591F0A4536004BFA93;
			remoteInfo = TimeMock;
		};
/* End PBXContainerItemProxy section */

/* Begin PBXFileReference section */
		EC2D6AEC1F1342AD00CB0FD2 /* AsynchronousPlayground.playground */ = {isa = PBXFileReference; lastKnownFileType = file.playground; path = AsynchronousPlayground.playground; sourceTree = "<group>"; };
		EC2D6B191F13957E00CB0FD2 /* NSScanner.playground */ = {isa = PBXFileReference; lastKnownFileType = file.playground; path = NSScanner.playground; sourceTree = "<group>"; };
		EC2D6B1B1F1395F100CB0FD2 /* Stanza.swift */ = {isa = PBXFileReference; fileEncoding = 4; lastKnownFileType = sourcecode.swift; path = Stanza.swift; sourceTree = "<group>"; };
		EC2D6B1D1F13965E00CB0FD2 /* spiderman.mov */ = {isa = PBXFileReference; lastKnownFileType = video.quicktime; path = spiderman.mov; sourceTree = "<group>"; };
		EC2D6B211F13991800CB0FD2 /* SubtitleTests.swift */ = {isa = PBXFileReference; fileEncoding = 4; lastKnownFileType = sourcecode.swift; path = SubtitleTests.swift; sourceTree = "<group>"; };
		EC2D6B231F1399C100CB0FD2 /* TestConstants.swift */ = {isa = PBXFileReference; fileEncoding = 4; lastKnownFileType = sourcecode.swift; path = TestConstants.swift; sourceTree = "<group>"; };
		EC2D6B291F139E5700CB0FD2 /* Subtitle.swift */ = {isa = PBXFileReference; fileEncoding = 4; lastKnownFileType = sourcecode.swift; path = Subtitle.swift; sourceTree = "<group>"; };
		EC2D6B2E1F14591200CB0FD2 /* test.txt */ = {isa = PBXFileReference; fileEncoding = 4; lastKnownFileType = text; path = test.txt; sourceTree = "<group>"; };
		EC2D6B311F1460F200CB0FD2 /* spiderman.srt */ = {isa = PBXFileReference; fileEncoding = 4; lastKnownFileType = text; path = spiderman.srt; sourceTree = "<group>"; };
		EC5681971F10F64A00C139CE /* MyTime.swift */ = {isa = PBXFileReference; fileEncoding = 4; lastKnownFileType = sourcecode.swift; path = MyTime.swift; sourceTree = "<group>"; };
		EC5681991F10FFB200C139CE /* MyTimeDummy.swift */ = {isa = PBXFileReference; fileEncoding = 4; lastKnownFileType = sourcecode.swift; path = MyTimeDummy.swift; sourceTree = "<group>"; };
		ECD64A5A1F0A4536004BFA93 /* TimeMock.app */ = {isa = PBXFileReference; explicitFileType = wrapper.application; includeInIndex = 0; path = TimeMock.app; sourceTree = BUILT_PRODUCTS_DIR; };
		ECD64A5D1F0A4536004BFA93 /* AppDelegate.swift */ = {isa = PBXFileReference; lastKnownFileType = sourcecode.swift; path = AppDelegate.swift; sourceTree = "<group>"; };
		ECD64A5F1F0A4536004BFA93 /* ViewController.swift */ = {isa = PBXFileReference; lastKnownFileType = sourcecode.swift; path = ViewController.swift; sourceTree = "<group>"; };
		ECD64A621F0A4536004BFA93 /* Base */ = {isa = PBXFileReference; lastKnownFileType = file.storyboard; name = Base; path = Base.lproj/Main.storyboard; sourceTree = "<group>"; };
		ECD64A641F0A4536004BFA93 /* Assets.xcassets */ = {isa = PBXFileReference; lastKnownFileType = folder.assetcatalog; path = Assets.xcassets; sourceTree = "<group>"; };
		ECD64A671F0A4536004BFA93 /* Base */ = {isa = PBXFileReference; lastKnownFileType = file.storyboard; name = Base; path = Base.lproj/LaunchScreen.storyboard; sourceTree = "<group>"; };
		ECD64A691F0A4536004BFA93 /* Info.plist */ = {isa = PBXFileReference; lastKnownFileType = text.plist.xml; path = Info.plist; sourceTree = "<group>"; };
		ECD64A6E1F0A4536004BFA93 /* TimeMockTests.xctest */ = {isa = PBXFileReference; explicitFileType = wrapper.cfbundle; includeInIndex = 0; path = TimeMockTests.xctest; sourceTree = BUILT_PRODUCTS_DIR; };
		ECD64A721F0A4536004BFA93 /* TimeMockTests.swift */ = {isa = PBXFileReference; lastKnownFileType = sourcecode.swift; path = TimeMockTests.swift; sourceTree = "<group>"; };
		ECD64A741F0A4536004BFA93 /* Info.plist */ = {isa = PBXFileReference; lastKnownFileType = text.plist.xml; path = Info.plist; sourceTree = "<group>"; };
		ECD64A7D1F0A4552004BFA93 /* ITime.swift */ = {isa = PBXFileReference; fileEncoding = 4; lastKnownFileType = sourcecode.swift; path = ITime.swift; sourceTree = "<group>"; };
		ECD64A7F1F0F4E46004BFA93 /* TimeInterval.playground */ = {isa = PBXFileReference; lastKnownFileType = file.playground; name = TimeInterval.playground; path = TimeMock/TimeInterval.playground; sourceTree = "<group>"; };
/* End PBXFileReference section */

/* Begin PBXFrameworksBuildPhase section */
		ECD64A571F0A4536004BFA93 /* Frameworks */ = {
			isa = PBXFrameworksBuildPhase;
			buildActionMask = 2147483647;
			files = (
			);
			runOnlyForDeploymentPostprocessing = 0;
		};
		ECD64A6B1F0A4536004BFA93 /* Frameworks */ = {
			isa = PBXFrameworksBuildPhase;
			buildActionMask = 2147483647;
			files = (
			);
			runOnlyForDeploymentPostprocessing = 0;
		};
/* End PBXFrameworksBuildPhase section */

/* Begin PBXGroup section */
		EC2D6AEB1F13428300CB0FD2 /* Playgrounds */ = {
			isa = PBXGroup;
			children = (
				ECD64A7F1F0F4E46004BFA93 /* TimeInterval.playground */,
				EC2D6AEC1F1342AD00CB0FD2 /* AsynchronousPlayground.playground */,
				EC2D6B191F13957E00CB0FD2 /* NSScanner.playground */,
			);
			name = Playgrounds;
			sourceTree = "<group>";
		};
		EC2D6B1A1F1395D500CB0FD2 /* Subtitles */ = {
			isa = PBXGroup;
			children = (
				EC2D6B1D1F13965E00CB0FD2 /* spiderman.mov */,
				EC2D6B2E1F14591200CB0FD2 /* test.txt */,
				EC2D6B1B1F1395F100CB0FD2 /* Stanza.swift */,
				EC2D6B291F139E5700CB0FD2 /* Subtitle.swift */,
				EC2D6B311F1460F200CB0FD2 /* spiderman.srt */,
			);
			name = Subtitles;
			sourceTree = "<group>";
		};
		ECD64A511F0A4536004BFA93 = {
			isa = PBXGroup;
			children = (
				EC2D6B1A1F1395D500CB0FD2 /* Subtitles */,
				EC2D6AEB1F13428300CB0FD2 /* Playgrounds */,
				ECD64A5C1F0A4536004BFA93 /* TimeMock */,
				ECD64A711F0A4536004BFA93 /* TimeMockTests */,
				ECD64A5B1F0A4536004BFA93 /* Products */,
			);
			sourceTree = "<group>";
		};
		ECD64A5B1F0A4536004BFA93 /* Products */ = {
			isa = PBXGroup;
			children = (
				ECD64A5A1F0A4536004BFA93 /* TimeMock.app */,
				ECD64A6E1F0A4536004BFA93 /* TimeMockTests.xctest */,
			);
			name = Products;
			sourceTree = "<group>";
		};
		ECD64A5C1F0A4536004BFA93 /* TimeMock */ = {
			isa = PBXGroup;
			children = (
				ECD64A5D1F0A4536004BFA93 /* AppDelegate.swift */,
				ECD64A5F1F0A4536004BFA93 /* ViewController.swift */,
				ECD64A611F0A4536004BFA93 /* Main.storyboard */,
				ECD64A641F0A4536004BFA93 /* Assets.xcassets */,
				ECD64A661F0A4536004BFA93 /* LaunchScreen.storyboard */,
				ECD64A691F0A4536004BFA93 /* Info.plist */,
				ECD64A7D1F0A4552004BFA93 /* ITime.swift */,
				EC5681971F10F64A00C139CE /* MyTime.swift */,
				EC5681991F10FFB200C139CE /* MyTimeDummy.swift */,
			);
			path = TimeMock;
			sourceTree = "<group>";
		};
		ECD64A711F0A4536004BFA93 /* TimeMockTests */ = {
			isa = PBXGroup;
			children = (
				ECD64A721F0A4536004BFA93 /* TimeMockTests.swift */,
				ECD64A741F0A4536004BFA93 /* Info.plist */,
				EC2D6B211F13991800CB0FD2 /* SubtitleTests.swift */,
				EC2D6B231F1399C100CB0FD2 /* TestConstants.swift */,
			);
			path = TimeMockTests;
			sourceTree = "<group>";
		};
/* End PBXGroup section */

/* Begin PBXNativeTarget section */
		ECD64A591F0A4536004BFA93 /* TimeMock */ = {
			isa = PBXNativeTarget;
			buildConfigurationList = ECD64A771F0A4536004BFA93 /* Build configuration list for PBXNativeTarget "TimeMock" */;
			buildPhases = (
				ECD64A561F0A4536004BFA93 /* Sources */,
				ECD64A571F0A4536004BFA93 /* Frameworks */,
				ECD64A581F0A4536004BFA93 /* Resources */,
			);
			buildRules = (
			);
			dependencies = (
			);
			name = TimeMock;
			productName = TimeMock;
			productReference = ECD64A5A1F0A4536004BFA93 /* TimeMock.app */;
			productType = "com.apple.product-type.application";
		};
		ECD64A6D1F0A4536004BFA93 /* TimeMockTests */ = {
			isa = PBXNativeTarget;
			buildConfigurationList = ECD64A7A1F0A4536004BFA93 /* Build configuration list for PBXNativeTarget "TimeMockTests" */;
			buildPhases = (
				ECD64A6A1F0A4536004BFA93 /* Sources */,
				ECD64A6B1F0A4536004BFA93 /* Frameworks */,
				ECD64A6C1F0A4536004BFA93 /* Resources */,
			);
			buildRules = (
			);
			dependencies = (
				ECD64A701F0A4536004BFA93 /* PBXTargetDependency */,
			);
			name = TimeMockTests;
			productName = TimeMockTests;
			productReference = ECD64A6E1F0A4536004BFA93 /* TimeMockTests.xctest */;
			productType = "com.apple.product-type.bundle.unit-test";
		};
/* End PBXNativeTarget section */

/* Begin PBXProject section */
		ECD64A521F0A4536004BFA93 /* Project object */ = {
			isa = PBXProject;
			attributes = {
				LastSwiftUpdateCheck = 0830;
				LastUpgradeCheck = 0830;
				ORGANIZATIONNAME = "Julian Scharf";
				TargetAttributes = {
					ECD64A591F0A4536004BFA93 = {
						CreatedOnToolsVersion = 8.3.3;
						DevelopmentTeam = RR2B862M79;
						ProvisioningStyle = Automatic;
					};
					ECD64A6D1F0A4536004BFA93 = {
						CreatedOnToolsVersion = 8.3.3;
						DevelopmentTeam = RR2B862M79;
						ProvisioningStyle = Automatic;
						TestTargetID = ECD64A591F0A4536004BFA93;
					};
				};
			};
			buildConfigurationList = ECD64A551F0A4536004BFA93 /* Build configuration list for PBXProject "TimeMock" */;
			compatibilityVersion = "Xcode 3.2";
			developmentRegion = English;
			hasScannedForEncodings = 0;
			knownRegions = (
				en,
				Base,
			);
			mainGroup = ECD64A511F0A4536004BFA93;
			productRefGroup = ECD64A5B1F0A4536004BFA93 /* Products */;
			projectDirPath = "";
			projectRoot = "";
			targets = (
				ECD64A591F0A4536004BFA93 /* TimeMock */,
				ECD64A6D1F0A4536004BFA93 /* TimeMockTests */,
			);
		};
/* End PBXProject section */

/* Begin PBXResourcesBuildPhase section */
		ECD64A581F0A4536004BFA93 /* Resources */ = {
			isa = PBXResourcesBuildPhase;
			buildActionMask = 2147483647;
			files = (
				ECD64A681F0A4536004BFA93 /* LaunchScreen.storyboard in Resources */,
				EC2D6B321F1460F200CB0FD2 /* spiderman.srt in Resources */,
				ECD64A651F0A4536004BFA93 /* Assets.xcassets in Resources */,
				ECD64A631F0A4536004BFA93 /* Main.storyboard in Resources */,
				EC2D6B2F1F14591200CB0FD2 /* test.txt in Resources */,
				EC2D6B1E1F13965E00CB0FD2 /* spiderman.mov in Resources */,
			);
			runOnlyForDeploymentPostprocessing = 0;
		};
		ECD64A6C1F0A4536004BFA93 /* Resources */ = {
			isa = PBXResourcesBuildPhase;
			buildActionMask = 2147483647;
			files = (
				EC2D6B331F1460F200CB0FD2 /* spiderman.srt in Resources */,
				EC2D6B301F14591200CB0FD2 /* test.txt in Resources */,
			);
			runOnlyForDeploymentPostprocessing = 0;
		};
/* End PBXResourcesBuildPhase section */

/* Begin PBXSourcesBuildPhase section */
		ECD64A561F0A4536004BFA93 /* Sources */ = {
			isa = PBXSourcesBuildPhase;
			buildActionMask = 2147483647;
			files = (
				EC2D6B1C1F1395F100CB0FD2 /* Stanza.swift in Sources */,
				EC56819A1F10FFB200C139CE /* MyTimeDummy.swift in Sources */,
				EC5681981F10F64A00C139CE /* MyTime.swift in Sources */,
				ECD64A601F0A4536004BFA93 /* ViewController.swift in Sources */,
				ECD64A5E1F0A4536004BFA93 /* AppDelegate.swift in Sources */,
				ECD64A7E1F0A4552004BFA93 /* ITime.swift in Sources */,
			);
			runOnlyForDeploymentPostprocessing = 0;
		};
		ECD64A6A1F0A4536004BFA93 /* Sources */ = {
			isa = PBXSourcesBuildPhase;
			buildActionMask = 2147483647;
			files = (
				ECD64A731F0A4536004BFA93 /* TimeMockTests.swift in Sources */,
				EC2D6B2A1F139E5700CB0FD2 /* Subtitle.swift in Sources */,
				EC2D6B241F1399C100CB0FD2 /* TestConstants.swift in Sources */,
				EC2D6B221F13991800CB0FD2 /* SubtitleTests.swift in Sources */,
			);
			runOnlyForDeploymentPostprocessing = 0;
		};
/* End PBXSourcesBuildPhase section */

/* Begin PBXTargetDependency section */
		ECD64A701F0A4536004BFA93 /* PBXTargetDependency */ = {
			isa = PBXTargetDependency;
			target = ECD64A591F0A4536004BFA93 /* TimeMock */;
			targetProxy = ECD64A6F1F0A4536004BFA93 /* PBXContainerItemProxy */;
		};
/* End PBXTargetDependency section */

/* Begin PBXVariantGroup section */
		ECD64A611F0A4536004BFA93 /* Main.storyboard */ = {
			isa = PBXVariantGroup;
			children = (
				ECD64A621F0A4536004BFA93 /* Base */,
			);
			name = Main.storyboard;
			sourceTree = "<group>";
		};
		ECD64A661F0A4536004BFA93 /* LaunchScreen.storyboard */ = {
			isa = PBXVariantGroup;
			children = (
				ECD64A671F0A4536004BFA93 /* Base */,
			);
			name = LaunchScreen.storyboard;
			sourceTree = "<group>";
		};
/* End PBXVariantGroup section */

/* Begin XCBuildConfiguration section */
		ECD64A751F0A4536004BFA93 /* Debug */ = {
			isa = XCBuildConfiguration;
			buildSettings = {
				ALWAYS_SEARCH_USER_PATHS = NO;
				CLANG_ANALYZER_NONNULL = YES;
				CLANG_ANALYZER_NUMBER_OBJECT_CONVERSION = YES_AGGRESSIVE;
				CLANG_CXX_LANGUAGE_STANDARD = "gnu++0x";
				CLANG_CXX_LIBRARY = "libc++";
				CLANG_ENABLE_MODULES = YES;
				CLANG_ENABLE_OBJC_ARC = YES;
				CLANG_WARN_BOOL_CONVERSION = YES;
				CLANG_WARN_CONSTANT_CONVERSION = YES;
				CLANG_WARN_DIRECT_OBJC_ISA_USAGE = YES_ERROR;
				CLANG_WARN_DOCUMENTATION_COMMENTS = YES;
				CLANG_WARN_EMPTY_BODY = YES;
				CLANG_WARN_ENUM_CONVERSION = YES;
				CLANG_WARN_INFINITE_RECURSION = YES;
				CLANG_WARN_INT_CONVERSION = YES;
				CLANG_WARN_OBJC_ROOT_CLASS = YES_ERROR;
				CLANG_WARN_SUSPICIOUS_MOVE = YES;
				CLANG_WARN_UNREACHABLE_CODE = YES;
				CLANG_WARN__DUPLICATE_METHOD_MATCH = YES;
				"CODE_SIGN_IDENTITY[sdk=iphoneos*]" = "iPhone Developer";
				COPY_PHASE_STRIP = NO;
				DEBUG_INFORMATION_FORMAT = dwarf;
				ENABLE_STRICT_OBJC_MSGSEND = YES;
				ENABLE_TESTABILITY = YES;
				GCC_C_LANGUAGE_STANDARD = gnu99;
				GCC_DYNAMIC_NO_PIC = NO;
				GCC_NO_COMMON_BLOCKS = YES;
				GCC_OPTIMIZATION_LEVEL = 0;
				GCC_PREPROCESSOR_DEFINITIONS = (
					"DEBUG=1",
					"$(inherited)",
				);
				GCC_WARN_64_TO_32_BIT_CONVERSION = YES;
				GCC_WARN_ABOUT_RETURN_TYPE = YES_ERROR;
				GCC_WARN_UNDECLARED_SELECTOR = YES;
				GCC_WARN_UNINITIALIZED_AUTOS = YES_AGGRESSIVE;
				GCC_WARN_UNUSED_FUNCTION = YES;
				GCC_WARN_UNUSED_VARIABLE = YES;
				IPHONEOS_DEPLOYMENT_TARGET = 10.3;
				MTL_ENABLE_DEBUG_INFO = YES;
				ONLY_ACTIVE_ARCH = YES;
				SDKROOT = iphoneos;
				SWIFT_ACTIVE_COMPILATION_CONDITIONS = DEBUG;
				SWIFT_OPTIMIZATION_LEVEL = "-Onone";
				TARGETED_DEVICE_FAMILY = "1,2";
			};
			name = Debug;
		};
		ECD64A761F0A4536004BFA93 /* Release */ = {
			isa = XCBuildConfiguration;
			buildSettings = {
				ALWAYS_SEARCH_USER_PATHS = NO;
				CLANG_ANALYZER_NONNULL = YES;
				CLANG_ANALYZER_NUMBER_OBJECT_CONVERSION = YES_AGGRESSIVE;
				CLANG_CXX_LANGUAGE_STANDARD = "gnu++0x";
				CLANG_CXX_LIBRARY = "libc++";
				CLANG_ENABLE_MODULES = YES;
				CLANG_ENABLE_OBJC_ARC = YES;
				CLANG_WARN_BOOL_CONVERSION = YES;
				CLANG_WARN_CONSTANT_CONVERSION = YES;
				CLANG_WARN_DIRECT_OBJC_ISA_USAGE = YES_ERROR;
				CLANG_WARN_DOCUMENTATION_COMMENTS = YES;
				CLANG_WARN_EMPTY_BODY = YES;
				CLANG_WARN_ENUM_CONVERSION = YES;
				CLANG_WARN_INFINITE_RECURSION = YES;
				CLANG_WARN_INT_CONVERSION = YES;
				CLANG_WARN_OBJC_ROOT_CLASS = YES_ERROR;
				CLANG_WARN_SUSPICIOUS_MOVE = YES;
				CLANG_WARN_UNREACHABLE_CODE = YES;
				CLANG_WARN__DUPLICATE_METHOD_MATCH = YES;
				"CODE_SIGN_IDENTITY[sdk=iphoneos*]" = "iPhone Developer";
				COPY_PHASE_STRIP = NO;
				DEBUG_INFORMATION_FORMAT = "dwarf-with-dsym";
				ENABLE_NS_ASSERTIONS = NO;
				ENABLE_STRICT_OBJC_MSGSEND = YES;
				GCC_C_LANGUAGE_STANDARD = gnu99;
				GCC_NO_COMMON_BLOCKS = YES;
				GCC_WARN_64_TO_32_BIT_CONVERSION = YES;
				GCC_WARN_ABOUT_RETURN_TYPE = YES_ERROR;
				GCC_WARN_UNDECLARED_SELECTOR = YES;
				GCC_WARN_UNINITIALIZED_AUTOS = YES_AGGRESSIVE;
				GCC_WARN_UNUSED_FUNCTION = YES;
				GCC_WARN_UNUSED_VARIABLE = YES;
				IPHONEOS_DEPLOYMENT_TARGET = 10.3;
				MTL_ENABLE_DEBUG_INFO = NO;
				SDKROOT = iphoneos;
				SWIFT_OPTIMIZATION_LEVEL = "-Owholemodule";
				TARGETED_DEVICE_FAMILY = "1,2";
				VALIDATE_PRODUCT = YES;
			};
			name = Release;
		};
		ECD64A781F0A4536004BFA93 /* Debug */ = {
			isa = XCBuildConfiguration;
			buildSettings = {
				ASSETCATALOG_COMPILER_APPICON_NAME = AppIcon;
				DEVELOPMENT_TEAM = RR2B862M79;
				INFOPLIST_FILE = TimeMock/Info.plist;
				LD_RUNPATH_SEARCH_PATHS = "$(inherited) @executable_path/Frameworks";
				PRODUCT_BUNDLE_IDENTIFIER = com.julzelements.TimeMock;
				PRODUCT_NAME = "$(TARGET_NAME)";
				SWIFT_VERSION = 3.0;
			};
			name = Debug;
		};
		ECD64A791F0A4536004BFA93 /* Release */ = {
			isa = XCBuildConfiguration;
			buildSettings = {
				ASSETCATALOG_COMPILER_APPICON_NAME = AppIcon;
				DEVELOPMENT_TEAM = RR2B862M79;
				INFOPLIST_FILE = TimeMock/Info.plist;
				LD_RUNPATH_SEARCH_PATHS = "$(inherited) @executable_path/Frameworks";
				PRODUCT_BUNDLE_IDENTIFIER = com.julzelements.TimeMock;
				PRODUCT_NAME = "$(TARGET_NAME)";
				SWIFT_VERSION = 3.0;
			};
			name = Release;
		};
		ECD64A7B1F0A4536004BFA93 /* Debug */ = {
			isa = XCBuildConfiguration;
			buildSettings = {
				ALWAYS_EMBED_SWIFT_STANDARD_LIBRARIES = YES;
				BUNDLE_LOADER = "$(TEST_HOST)";
				DEVELOPMENT_TEAM = RR2B862M79;
				INFOPLIST_FILE = TimeMockTests/Info.plist;
				LD_RUNPATH_SEARCH_PATHS = "$(inherited) @executable_path/Frameworks @loader_path/Frameworks";
				PRODUCT_BUNDLE_IDENTIFIER = com.julzelements.TimeMockTests;
				PRODUCT_NAME = "$(TARGET_NAME)";
				SWIFT_VERSION = 3.0;
				TEST_HOST = "$(BUILT_PRODUCTS_DIR)/TimeMock.app/TimeMock";
			};
			name = Debug;
		};
		ECD64A7C1F0A4536004BFA93 /* Release */ = {
			isa = XCBuildConfiguration;
			buildSettings = {
				ALWAYS_EMBED_SWIFT_STANDARD_LIBRARIES = YES;
				BUNDLE_LOADER = "$(TEST_HOST)";
				DEVELOPMENT_TEAM = RR2B862M79;
				INFOPLIST_FILE = TimeMockTests/Info.plist;
				LD_RUNPATH_SEARCH_PATHS = "$(inherited) @executable_path/Frameworks @loader_path/Frameworks";
				PRODUCT_BUNDLE_IDENTIFIER = com.julzelements.TimeMockTests;
				PRODUCT_NAME = "$(TARGET_NAME)";
				SWIFT_VERSION = 3.0;
				TEST_HOST = "$(BUILT_PRODUCTS_DIR)/TimeMock.app/TimeMock";
			};
			name = Release;
		};
/* End XCBuildConfiguration section */

/* Begin XCConfigurationList section */
		ECD64A551F0A4536004BFA93 /* Build configuration list for PBXProject "TimeMock" */ = {
			isa = XCConfigurationList;
			buildConfigurations = (
				ECD64A751F0A4536004BFA93 /* Debug */,
				ECD64A761F0A4536004BFA93 /* Release */,
			);
			defaultConfigurationIsVisible = 0;
			defaultConfigurationName = Release;
		};
		ECD64A771F0A4536004BFA93 /* Build configuration list for PBXNativeTarget "TimeMock" */ = {
			isa = XCConfigurationList;
			buildConfigurations = (
				ECD64A781F0A4536004BFA93 /* Debug */,
				ECD64A791F0A4536004BFA93 /* Release */,
			);
			defaultConfigurationIsVisible = 0;
			defaultConfigurationName = Release;
		};
		ECD64A7A1F0A4536004BFA93 /* Build configuration list for PBXNativeTarget "TimeMockTests" */ = {
			isa = XCConfigurationList;
			buildConfigurations = (
				ECD64A7B1F0A4536004BFA93 /* Debug */,
				ECD64A7C1F0A4536004BFA93 /* Release */,
			);
			defaultConfigurationIsVisible = 0;
			defaultConfigurationName = Release;
		};
/* End XCConfigurationList section */
	};
	rootObject = ECD64A521F0A4536004BFA93 /* Project object */;
}
