// !$*UTF8*$!
{
	archiveVersion = 1;
	classes = {
	};
	objectVersion = 46;
	objects = {

/* Begin PBXBuildFile section */
		EC27F7E11F1725960089369F /* SubtitleIO.swift in Sources */ = {isa = PBXBuildFile; fileRef = EC27F7E01F1725960089369F /* SubtitleIO.swift */; };
		EC28BB0F1F1C7C0900804EA0 /* Stanza.swift in Sources */ = {isa = PBXBuildFile; fileRef = EC2D6B1B1F1395F100CB0FD2 /* Stanza.swift */; };
		EC298DAF1F1741AB005949E9 /* SubtitleIOTests.swift in Sources */ = {isa = PBXBuildFile; fileRef = EC298DAE1F1741AB005949E9 /* SubtitleIOTests.swift */; };
		EC2C11821F5E707600C823E0 /* ITime.swift in Sources */ = {isa = PBXBuildFile; fileRef = EC2C11811F5E707600C823E0 /* ITime.swift */; };
		EC2C11841F5E732000C823E0 /* TimeDouble.swift in Sources */ = {isa = PBXBuildFile; fileRef = EC2C11831F5E732000C823E0 /* TimeDouble.swift */; };
		EC2C11851F5E743500C823E0 /* ITime.swift in Sources */ = {isa = PBXBuildFile; fileRef = EC2C11811F5E707600C823E0 /* ITime.swift */; };
		EC2C11871F5E748300C823E0 /* MyTime.swift in Sources */ = {isa = PBXBuildFile; fileRef = EC2C11861F5E748300C823E0 /* MyTime.swift */; };
		EC2C11891F5E7A4A00C823E0 /* MyTime.swift in Sources */ = {isa = PBXBuildFile; fileRef = EC2C11861F5E748300C823E0 /* MyTime.swift */; };
		EC2D6B1E1F13965E00CB0FD2 /* spiderman.mov in Resources */ = {isa = PBXBuildFile; fileRef = EC2D6B1D1F13965E00CB0FD2 /* spiderman.mov */; };
		EC2D6B221F13991800CB0FD2 /* SubtitleTests.swift in Sources */ = {isa = PBXBuildFile; fileRef = EC2D6B211F13991800CB0FD2 /* SubtitleTests.swift */; };
		EC2D6B2F1F14591200CB0FD2 /* test.txt in Resources */ = {isa = PBXBuildFile; fileRef = EC2D6B2E1F14591200CB0FD2 /* test.txt */; };
		EC2D6B301F14591200CB0FD2 /* test.txt in Resources */ = {isa = PBXBuildFile; fileRef = EC2D6B2E1F14591200CB0FD2 /* test.txt */; };
		EC2D6B321F1460F200CB0FD2 /* spiderman.srt in Resources */ = {isa = PBXBuildFile; fileRef = EC2D6B311F1460F200CB0FD2 /* spiderman.srt */; };
		EC2D6B331F1460F200CB0FD2 /* spiderman.srt in Resources */ = {isa = PBXBuildFile; fileRef = EC2D6B311F1460F200CB0FD2 /* spiderman.srt */; };
		EC2D6B371F148FFD00CB0FD2 /* StanzaTests.swift in Sources */ = {isa = PBXBuildFile; fileRef = EC2D6B351F148FFD00CB0FD2 /* StanzaTests.swift */; };
		EC3402D31F6E328C0079E2C8 /* SRTTime.swift in Sources */ = {isa = PBXBuildFile; fileRef = EC3402D21F6E328C0079E2C8 /* SRTTime.swift */; };
		EC3402D51F6E3B010079E2C8 /* SRTTimeTests.swift in Sources */ = {isa = PBXBuildFile; fileRef = EC3402D41F6E3B010079E2C8 /* SRTTimeTests.swift */; };
		EC3402D61F6E405D0079E2C8 /* SRTTime.swift in Sources */ = {isa = PBXBuildFile; fileRef = EC3402D21F6E328C0079E2C8 /* SRTTime.swift */; };
		EC3402D81F6E5B510079E2C8 /* IronMan.srt in Resources */ = {isa = PBXBuildFile; fileRef = EC3402D71F6E5A5C0079E2C8 /* IronMan.srt */; };
		EC3402D91F6E5B520079E2C8 /* IronMan.srt in Resources */ = {isa = PBXBuildFile; fileRef = EC3402D71F6E5A5C0079E2C8 /* IronMan.srt */; };
		EC3402DB1F6E95960079E2C8 /* SubtitleEvents.swift in Sources */ = {isa = PBXBuildFile; fileRef = EC3402DA1F6E95960079E2C8 /* SubtitleEvents.swift */; };
		EC3402DD1F6E98850079E2C8 /* SubtitleEventsTests.swift in Sources */ = {isa = PBXBuildFile; fileRef = EC3402DC1F6E98850079E2C8 /* SubtitleEventsTests.swift */; };
		EC3402DE1F6E99560079E2C8 /* SubtitleEvents.swift in Sources */ = {isa = PBXBuildFile; fileRef = EC3402DA1F6E95960079E2C8 /* SubtitleEvents.swift */; };
		EC9988911F5E4F7800D45091 /* Player.swift in Sources */ = {isa = PBXBuildFile; fileRef = EC9988901F5E4F7800D45091 /* Player.swift */; };
		EC9988931F5E4FA300D45091 /* PlayerTests.swift in Sources */ = {isa = PBXBuildFile; fileRef = EC9988921F5E4FA300D45091 /* PlayerTests.swift */; };
		ECBA5E1A1F281ECA001A644C /* SubtitleEvent.swift in Sources */ = {isa = PBXBuildFile; fileRef = ECBA5E191F281ECA001A644C /* SubtitleEvent.swift */; };
		ECBA5E1E1F284FFA001A644C /* test.srt in Resources */ = {isa = PBXBuildFile; fileRef = ECBA5E1D1F284FFA001A644C /* test.srt */; };
		ECCD98F01F5E7EED0098D8FB /* Player.swift in Sources */ = {isa = PBXBuildFile; fileRef = EC9988901F5E4F7800D45091 /* Player.swift */; };
		ECCD98F21F5E87660098D8FB /* spiderman.mov in Resources */ = {isa = PBXBuildFile; fileRef = EC2D6B1D1F13965E00CB0FD2 /* spiderman.mov */; };
		ECCD98F31F5E87660098D8FB /* test.srt in Resources */ = {isa = PBXBuildFile; fileRef = ECBA5E1D1F284FFA001A644C /* test.srt */; };
		ECCD98F41F5E87660098D8FB /* Stanza.swift in Sources */ = {isa = PBXBuildFile; fileRef = EC2D6B1B1F1395F100CB0FD2 /* Stanza.swift */; };
		ECCD98F61F5E87660098D8FB /* SubtitleIO.swift in Sources */ = {isa = PBXBuildFile; fileRef = EC27F7E01F1725960089369F /* SubtitleIO.swift */; };
		ECCD98F71F5E87660098D8FB /* SubtitleEvent.swift in Sources */ = {isa = PBXBuildFile; fileRef = ECBA5E191F281ECA001A644C /* SubtitleEvent.swift */; };
		ECCD98F81F5E87720098D8FB /* AppDelegate.swift in Sources */ = {isa = PBXBuildFile; fileRef = ECD64A5D1F0A4536004BFA93 /* AppDelegate.swift */; };
		ECCD98F91F5E87720098D8FB /* ViewController.swift in Sources */ = {isa = PBXBuildFile; fileRef = ECD64A5F1F0A4536004BFA93 /* ViewController.swift */; };
		ECCD99001F5F697E0098D8FB /* PlayerViewController.swift in Sources */ = {isa = PBXBuildFile; fileRef = ECCD98FF1F5F697E0098D8FB /* PlayerViewController.swift */; };
		ECD64A5E1F0A4536004BFA93 /* AppDelegate.swift in Sources */ = {isa = PBXBuildFile; fileRef = ECD64A5D1F0A4536004BFA93 /* AppDelegate.swift */; };
		ECD64A601F0A4536004BFA93 /* ViewController.swift in Sources */ = {isa = PBXBuildFile; fileRef = ECD64A5F1F0A4536004BFA93 /* ViewController.swift */; };
		ECD64A631F0A4536004BFA93 /* Main.storyboard in Resources */ = {isa = PBXBuildFile; fileRef = ECD64A611F0A4536004BFA93 /* Main.storyboard */; };
		ECD64A651F0A4536004BFA93 /* Assets.xcassets in Resources */ = {isa = PBXBuildFile; fileRef = ECD64A641F0A4536004BFA93 /* Assets.xcassets */; };
		ECD64A681F0A4536004BFA93 /* LaunchScreen.storyboard in Resources */ = {isa = PBXBuildFile; fileRef = ECD64A661F0A4536004BFA93 /* LaunchScreen.storyboard */; };
/* End PBXBuildFile section */

/* Begin PBXContainerItemProxy section */
		ECD64A6F1F0A4536004BFA93 /* PBXContainerItemProxy */ = {
			isa = PBXContainerItemProxy;
			containerPortal = ECD64A521F0A4536004BFA93 /* Project object */;
			proxyType = 1;
			remoteGlobalIDString = ECD64A591F0A4536004BFA93;
			remoteInfo = TimeMock;
		};
/* End PBXContainerItemProxy section */

/* Begin PBXFileReference section */
		EC27F7E01F1725960089369F /* SubtitleIO.swift */ = {isa = PBXFileReference; fileEncoding = 4; lastKnownFileType = sourcecode.swift; path = SubtitleIO.swift; sourceTree = "<group>"; };
		EC298DAE1F1741AB005949E9 /* SubtitleIOTests.swift */ = {isa = PBXFileReference; fileEncoding = 4; lastKnownFileType = sourcecode.swift; path = SubtitleIOTests.swift; sourceTree = "<group>"; };
		EC2C11811F5E707600C823E0 /* ITime.swift */ = {isa = PBXFileReference; lastKnownFileType = sourcecode.swift; path = ITime.swift; sourceTree = "<group>"; };
		EC2C11831F5E732000C823E0 /* TimeDouble.swift */ = {isa = PBXFileReference; lastKnownFileType = sourcecode.swift; path = TimeDouble.swift; sourceTree = "<group>"; };
		EC2C11861F5E748300C823E0 /* MyTime.swift */ = {isa = PBXFileReference; lastKnownFileType = sourcecode.swift; path = MyTime.swift; sourceTree = "<group>"; };
		EC2D6B1B1F1395F100CB0FD2 /* Stanza.swift */ = {isa = PBXFileReference; fileEncoding = 4; lastKnownFileType = sourcecode.swift; path = Stanza.swift; sourceTree = "<group>"; };
		EC2D6B1D1F13965E00CB0FD2 /* spiderman.mov */ = {isa = PBXFileReference; lastKnownFileType = video.quicktime; path = spiderman.mov; sourceTree = "<group>"; };
		EC2D6B211F13991800CB0FD2 /* SubtitleTests.swift */ = {isa = PBXFileReference; fileEncoding = 4; lastKnownFileType = sourcecode.swift; path = SubtitleTests.swift; sourceTree = "<group>"; };
		EC2D6B2E1F14591200CB0FD2 /* test.txt */ = {isa = PBXFileReference; fileEncoding = 4; lastKnownFileType = text; path = test.txt; sourceTree = "<group>"; };
		EC2D6B311F1460F200CB0FD2 /* spiderman.srt */ = {isa = PBXFileReference; fileEncoding = 4; lastKnownFileType = text; path = spiderman.srt; sourceTree = "<group>"; };
		EC2D6B351F148FFD00CB0FD2 /* StanzaTests.swift */ = {isa = PBXFileReference; fileEncoding = 4; lastKnownFileType = sourcecode.swift; path = StanzaTests.swift; sourceTree = "<group>"; };
		EC3402D21F6E328C0079E2C8 /* SRTTime.swift */ = {isa = PBXFileReference; lastKnownFileType = sourcecode.swift; path = SRTTime.swift; sourceTree = "<group>"; };
		EC3402D41F6E3B010079E2C8 /* SRTTimeTests.swift */ = {isa = PBXFileReference; lastKnownFileType = sourcecode.swift; path = SRTTimeTests.swift; sourceTree = "<group>"; };
		EC3402D71F6E5A5C0079E2C8 /* IronMan.srt */ = {isa = PBXFileReference; lastKnownFileType = text; path = IronMan.srt; sourceTree = "<group>"; };
		EC3402DA1F6E95960079E2C8 /* SubtitleEvents.swift */ = {isa = PBXFileReference; lastKnownFileType = sourcecode.swift; path = SubtitleEvents.swift; sourceTree = "<group>"; };
		EC3402DC1F6E98850079E2C8 /* SubtitleEventsTests.swift */ = {isa = PBXFileReference; lastKnownFileType = sourcecode.swift; path = SubtitleEventsTests.swift; sourceTree = "<group>"; };
		EC9988901F5E4F7800D45091 /* Player.swift */ = {isa = PBXFileReference; lastKnownFileType = sourcecode.swift; path = Player.swift; sourceTree = "<group>"; };
		EC9988921F5E4FA300D45091 /* PlayerTests.swift */ = {isa = PBXFileReference; lastKnownFileType = sourcecode.swift; path = PlayerTests.swift; sourceTree = "<group>"; };
		ECBA5E191F281ECA001A644C /* SubtitleEvent.swift */ = {isa = PBXFileReference; fileEncoding = 4; lastKnownFileType = sourcecode.swift; path = SubtitleEvent.swift; sourceTree = "<group>"; };
		ECBA5E1D1F284FFA001A644C /* test.srt */ = {isa = PBXFileReference; fileEncoding = 4; lastKnownFileType = text; path = test.srt; sourceTree = "<group>"; };
		ECCD98FF1F5F697E0098D8FB /* PlayerViewController.swift */ = {isa = PBXFileReference; lastKnownFileType = sourcecode.swift; path = PlayerViewController.swift; sourceTree = "<group>"; };
		ECD64A5A1F0A4536004BFA93 /* TimeMock.app */ = {isa = PBXFileReference; explicitFileType = wrapper.application; includeInIndex = 0; path = TimeMock.app; sourceTree = BUILT_PRODUCTS_DIR; };
		ECD64A5D1F0A4536004BFA93 /* AppDelegate.swift */ = {isa = PBXFileReference; lastKnownFileType = sourcecode.swift; path = AppDelegate.swift; sourceTree = "<group>"; };
		ECD64A5F1F0A4536004BFA93 /* ViewController.swift */ = {isa = PBXFileReference; lastKnownFileType = sourcecode.swift; path = ViewController.swift; sourceTree = "<group>"; };
		ECD64A621F0A4536004BFA93 /* Base */ = {isa = PBXFileReference; lastKnownFileType = file.storyboard; name = Base; path = Base.lproj/Main.storyboard; sourceTree = "<group>"; };
		ECD64A641F0A4536004BFA93 /* Assets.xcassets */ = {isa = PBXFileReference; lastKnownFileType = folder.assetcatalog; path = Assets.xcassets; sourceTree = "<group>"; };
		ECD64A671F0A4536004BFA93 /* Base */ = {isa = PBXFileReference; lastKnownFileType = file.storyboard; name = Base; path = Base.lproj/LaunchScreen.storyboard; sourceTree = "<group>"; };
		ECD64A691F0A4536004BFA93 /* Info.plist */ = {isa = PBXFileReference; lastKnownFileType = text.plist.xml; path = Info.plist; sourceTree = "<group>"; };
		ECD64A6E1F0A4536004BFA93 /* TimeMockTests.xctest */ = {isa = PBXFileReference; explicitFileType = wrapper.cfbundle; includeInIndex = 0; path = TimeMockTests.xctest; sourceTree = BUILT_PRODUCTS_DIR; };
		ECD64A741F0A4536004BFA93 /* Info.plist */ = {isa = PBXFileReference; lastKnownFileType = text.plist.xml; path = Info.plist; sourceTree = "<group>"; };
/* End PBXFileReference section */

/* Begin PBXFrameworksBuildPhase section */
		ECD64A571F0A4536004BFA93 /* Frameworks */ = {
			isa = PBXFrameworksBuildPhase;
			buildActionMask = 2147483647;
			files = (
			);
			runOnlyForDeploymentPostprocessing = 0;
		};
		ECD64A6B1F0A4536004BFA93 /* Frameworks */ = {
			isa = PBXFrameworksBuildPhase;
			buildActionMask = 2147483647;
			files = (
			);
			runOnlyForDeploymentPostprocessing = 0;
		};
/* End PBXFrameworksBuildPhase section */

/* Begin PBXGroup section */
		EC2D6AEB1F13428300CB0FD2 /* Playgrounds */ = {
			isa = PBXGroup;
			children = (
			);
			name = Playgrounds;
			sourceTree = "<group>";
		};
		EC2D6B1A1F1395D500CB0FD2 /* Subtitles */ = {
			isa = PBXGroup;
			children = (
				EC2D6B1D1F13965E00CB0FD2 /* spiderman.mov */,
				EC3402D71F6E5A5C0079E2C8 /* IronMan.srt */,
				EC2D6B2E1F14591200CB0FD2 /* test.txt */,
				ECBA5E1D1F284FFA001A644C /* test.srt */,
				EC2D6B1B1F1395F100CB0FD2 /* Stanza.swift */,
				EC2D6B311F1460F200CB0FD2 /* spiderman.srt */,
				EC27F7E01F1725960089369F /* SubtitleIO.swift */,
				ECBA5E191F281ECA001A644C /* SubtitleEvent.swift */,
				EC9988901F5E4F7800D45091 /* Player.swift */,
				EC2C11811F5E707600C823E0 /* ITime.swift */,
				EC2C11861F5E748300C823E0 /* MyTime.swift */,
				EC3402D21F6E328C0079E2C8 /* SRTTime.swift */,
				EC3402DA1F6E95960079E2C8 /* SubtitleEvents.swift */,
			);
			name = Subtitles;
			sourceTree = "<group>";
		};
		ECD64A511F0A4536004BFA93 = {
			isa = PBXGroup;
			children = (
				EC2D6B1A1F1395D500CB0FD2 /* Subtitles */,
				EC2D6AEB1F13428300CB0FD2 /* Playgrounds */,
				ECD64A5C1F0A4536004BFA93 /* TimeMock */,
				ECD64A711F0A4536004BFA93 /* TimeMockTests */,
				ECD64A5B1F0A4536004BFA93 /* Products */,
			);
			sourceTree = "<group>";
		};
		ECD64A5B1F0A4536004BFA93 /* Products */ = {
			isa = PBXGroup;
			children = (
				ECD64A5A1F0A4536004BFA93 /* TimeMock.app */,
				ECD64A6E1F0A4536004BFA93 /* TimeMockTests.xctest */,
			);
			name = Products;
			sourceTree = "<group>";
		};
		ECD64A5C1F0A4536004BFA93 /* TimeMock */ = {
			isa = PBXGroup;
			children = (
				ECD64A5D1F0A4536004BFA93 /* AppDelegate.swift */,
				ECD64A5F1F0A4536004BFA93 /* ViewController.swift */,
				ECD64A611F0A4536004BFA93 /* Main.storyboard */,
				ECD64A641F0A4536004BFA93 /* Assets.xcassets */,
				ECD64A661F0A4536004BFA93 /* LaunchScreen.storyboard */,
				ECD64A691F0A4536004BFA93 /* Info.plist */,
				ECCD98FF1F5F697E0098D8FB /* PlayerViewController.swift */,
			);
			path = TimeMock;
			sourceTree = "<group>";
		};
		ECD64A711F0A4536004BFA93 /* TimeMockTests */ = {
			isa = PBXGroup;
			children = (
				ECD64A741F0A4536004BFA93 /* Info.plist */,
				EC2D6B211F13991800CB0FD2 /* SubtitleTests.swift */,
				EC2D6B351F148FFD00CB0FD2 /* StanzaTests.swift */,
				EC298DAE1F1741AB005949E9 /* SubtitleIOTests.swift */,
				EC9988921F5E4FA300D45091 /* PlayerTests.swift */,
				EC2C11831F5E732000C823E0 /* TimeDouble.swift */,
				EC3402D41F6E3B010079E2C8 /* SRTTimeTests.swift */,
				EC3402DC1F6E98850079E2C8 /* SubtitleEventsTests.swift */,
			);
			path = TimeMockTests;
			sourceTree = "<group>";
		};
/* End PBXGroup section */

/* Begin PBXNativeTarget section */
		ECD64A591F0A4536004BFA93 /* TimeMock */ = {
			isa = PBXNativeTarget;
			buildConfigurationList = ECD64A771F0A4536004BFA93 /* Build configuration list for PBXNativeTarget "TimeMock" */;
			buildPhases = (
				ECD64A561F0A4536004BFA93 /* Sources */,
				ECD64A571F0A4536004BFA93 /* Frameworks */,
				ECD64A581F0A4536004BFA93 /* Resources */,
			);
			buildRules = (
			);
			dependencies = (
			);
			name = TimeMock;
			productName = TimeMock;
			productReference = ECD64A5A1F0A4536004BFA93 /* TimeMock.app */;
			productType = "com.apple.product-type.application";
		};
		ECD64A6D1F0A4536004BFA93 /* TimeMockTests */ = {
			isa = PBXNativeTarget;
			buildConfigurationList = ECD64A7A1F0A4536004BFA93 /* Build configuration list for PBXNativeTarget "TimeMockTests" */;
			buildPhases = (
				ECD64A6A1F0A4536004BFA93 /* Sources */,
				ECD64A6B1F0A4536004BFA93 /* Frameworks */,
				ECD64A6C1F0A4536004BFA93 /* Resources */,
			);
			buildRules = (
			);
			dependencies = (
				ECD64A701F0A4536004BFA93 /* PBXTargetDependency */,
			);
			name = TimeMockTests;
			productName = TimeMockTests;
			productReference = ECD64A6E1F0A4536004BFA93 /* TimeMockTests.xctest */;
			productType = "com.apple.product-type.bundle.unit-test";
		};
/* End PBXNativeTarget section */

/* Begin PBXProject section */
		ECD64A521F0A4536004BFA93 /* Project object */ = {
			isa = PBXProject;
			attributes = {
				LastSwiftUpdateCheck = 0830;
				LastUpgradeCheck = 0900;
				ORGANIZATIONNAME = "Julian Scharf";
				TargetAttributes = {
					ECD64A591F0A4536004BFA93 = {
						CreatedOnToolsVersion = 8.3.3;
						DevelopmentTeam = RR2B862M79;
						LastSwiftMigration = 0900;
						ProvisioningStyle = Automatic;
					};
					ECD64A6D1F0A4536004BFA93 = {
						CreatedOnToolsVersion = 8.3.3;
						DevelopmentTeam = RR2B862M79;
						LastSwiftMigration = 0900;
						ProvisioningStyle = Automatic;
						TestTargetID = ECD64A591F0A4536004BFA93;
					};
				};
			};
			buildConfigurationList = ECD64A551F0A4536004BFA93 /* Build configuration list for PBXProject "TimeMock" */;
			compatibilityVersion = "Xcode 3.2";
			developmentRegion = English;
			hasScannedForEncodings = 0;
			knownRegions = (
				en,
				Base,
			);
			mainGroup = ECD64A511F0A4536004BFA93;
			productRefGroup = ECD64A5B1F0A4536004BFA93 /* Products */;
			projectDirPath = "";
			projectRoot = "";
			targets = (
				ECD64A591F0A4536004BFA93 /* TimeMock */,
				ECD64A6D1F0A4536004BFA93 /* TimeMockTests */,
			);
		};
/* End PBXProject section */

/* Begin PBXResourcesBuildPhase section */
		ECD64A581F0A4536004BFA93 /* Resources */ = {
			isa = PBXResourcesBuildPhase;
			buildActionMask = 2147483647;
			files = (
				ECD64A681F0A4536004BFA93 /* LaunchScreen.storyboard in Resources */,
				EC2D6B321F1460F200CB0FD2 /* spiderman.srt in Resources */,
				ECD64A651F0A4536004BFA93 /* Assets.xcassets in Resources */,
				ECBA5E1E1F284FFA001A644C /* test.srt in Resources */,
				ECD64A631F0A4536004BFA93 /* Main.storyboard in Resources */,
				EC2D6B2F1F14591200CB0FD2 /* test.txt in Resources */,
				EC3402D81F6E5B510079E2C8 /* IronMan.srt in Resources */,
				EC2D6B1E1F13965E00CB0FD2 /* spiderman.mov in Resources */,
			);
			runOnlyForDeploymentPostprocessing = 0;
		};
		ECD64A6C1F0A4536004BFA93 /* Resources */ = {
			isa = PBXResourcesBuildPhase;
			buildActionMask = 2147483647;
			files = (
				EC2D6B331F1460F200CB0FD2 /* spiderman.srt in Resources */,
				EC2D6B301F14591200CB0FD2 /* test.txt in Resources */,
				ECCD98F21F5E87660098D8FB /* spiderman.mov in Resources */,
				EC3402D91F6E5B520079E2C8 /* IronMan.srt in Resources */,
				ECCD98F31F5E87660098D8FB /* test.srt in Resources */,
			);
			runOnlyForDeploymentPostprocessing = 0;
		};
/* End PBXResourcesBuildPhase section */

/* Begin PBXSourcesBuildPhase section */
		ECD64A561F0A4536004BFA93 /* Sources */ = {
			isa = PBXSourcesBuildPhase;
			buildActionMask = 2147483647;
			files = (
				EC3402DB1F6E95960079E2C8 /* SubtitleEvents.swift in Sources */,
				EC28BB0F1F1C7C0900804EA0 /* Stanza.swift in Sources */,
				EC27F7E11F1725960089369F /* SubtitleIO.swift in Sources */,
				EC2C11871F5E748300C823E0 /* MyTime.swift in Sources */,
				ECBA5E1A1F281ECA001A644C /* SubtitleEvent.swift in Sources */,
				EC9988911F5E4F7800D45091 /* Player.swift in Sources */,
				ECD64A601F0A4536004BFA93 /* ViewController.swift in Sources */,
				EC2C11821F5E707600C823E0 /* ITime.swift in Sources */,
				ECD64A5E1F0A4536004BFA93 /* AppDelegate.swift in Sources */,
				ECCD99001F5F697E0098D8FB /* PlayerViewController.swift in Sources */,
				EC3402D31F6E328C0079E2C8 /* SRTTime.swift in Sources */,
			);
			runOnlyForDeploymentPostprocessing = 0;
		};
		ECD64A6A1F0A4536004BFA93 /* Sources */ = {
			isa = PBXSourcesBuildPhase;
			buildActionMask = 2147483647;
			files = (
				EC3402DD1F6E98850079E2C8 /* SubtitleEventsTests.swift in Sources */,
				ECCD98F91F5E87720098D8FB /* ViewController.swift in Sources */,
				ECCD98F41F5E87660098D8FB /* Stanza.swift in Sources */,
				EC2C11851F5E743500C823E0 /* ITime.swift in Sources */,
				EC9988931F5E4FA300D45091 /* PlayerTests.swift in Sources */,
				ECCD98F61F5E87660098D8FB /* SubtitleIO.swift in Sources */,
				ECCD98F81F5E87720098D8FB /* AppDelegate.swift in Sources */,
				EC2D6B371F148FFD00CB0FD2 /* StanzaTests.swift in Sources */,
				ECCD98F71F5E87660098D8FB /* SubtitleEvent.swift in Sources */,
				EC3402D51F6E3B010079E2C8 /* SRTTimeTests.swift in Sources */,
				EC3402D61F6E405D0079E2C8 /* SRTTime.swift in Sources */,
				EC3402DE1F6E99560079E2C8 /* SubtitleEvents.swift in Sources */,
				EC2C11891F5E7A4A00C823E0 /* MyTime.swift in Sources */,
				EC2D6B221F13991800CB0FD2 /* SubtitleTests.swift in Sources */,
				EC298DAF1F1741AB005949E9 /* SubtitleIOTests.swift in Sources */,
				ECCD98F01F5E7EED0098D8FB /* Player.swift in Sources */,
				EC2C11841F5E732000C823E0 /* TimeDouble.swift in Sources */,
			);
			runOnlyForDeploymentPostprocessing = 0;
		};
/* End PBXSourcesBuildPhase section */

/* Begin PBXTargetDependency section */
		ECD64A701F0A4536004BFA93 /* PBXTargetDependency */ = {
			isa = PBXTargetDependency;
			target = ECD64A591F0A4536004BFA93 /* TimeMock */;
			targetProxy = ECD64A6F1F0A4536004BFA93 /* PBXContainerItemProxy */;
		};
/* End PBXTargetDependency section */

/* Begin PBXVariantGroup section */
		ECD64A611F0A4536004BFA93 /* Main.storyboard */ = {
			isa = PBXVariantGroup;
			children = (
				ECD64A621F0A4536004BFA93 /* Base */,
			);
			name = Main.storyboard;
			sourceTree = "<group>";
		};
		ECD64A661F0A4536004BFA93 /* LaunchScreen.storyboard */ = {
			isa = PBXVariantGroup;
			children = (
				ECD64A671F0A4536004BFA93 /* Base */,
			);
			name = LaunchScreen.storyboard;
			sourceTree = "<group>";
		};
/* End PBXVariantGroup section */

/* Begin XCBuildConfiguration section */
		ECD64A751F0A4536004BFA93 /* Debug */ = {
			isa = XCBuildConfiguration;
			buildSettings = {
				ALWAYS_SEARCH_USER_PATHS = NO;
				CLANG_ANALYZER_NONNULL = YES;
				CLANG_ANALYZER_NUMBER_OBJECT_CONVERSION = YES_AGGRESSIVE;
				CLANG_CXX_LANGUAGE_STANDARD = "gnu++0x";
				CLANG_CXX_LIBRARY = "libc++";
				CLANG_ENABLE_MODULES = YES;
				CLANG_ENABLE_OBJC_ARC = YES;
				CLANG_WARN_BLOCK_CAPTURE_AUTORELEASING = YES;
				CLANG_WARN_BOOL_CONVERSION = YES;
				CLANG_WARN_COMMA = YES;
				CLANG_WARN_CONSTANT_CONVERSION = YES;
				CLANG_WARN_DIRECT_OBJC_ISA_USAGE = YES_ERROR;
				CLANG_WARN_DOCUMENTATION_COMMENTS = YES;
				CLANG_WARN_EMPTY_BODY = YES;
				CLANG_WARN_ENUM_CONVERSION = YES;
				CLANG_WARN_INFINITE_RECURSION = YES;
				CLANG_WARN_INT_CONVERSION = YES;
				CLANG_WARN_NON_LITERAL_NULL_CONVERSION = YES;
				CLANG_WARN_OBJC_LITERAL_CONVERSION = YES;
				CLANG_WARN_OBJC_ROOT_CLASS = YES_ERROR;
				CLANG_WARN_RANGE_LOOP_ANALYSIS = YES;
				CLANG_WARN_STRICT_PROTOTYPES = YES;
				CLANG_WARN_SUSPICIOUS_MOVE = YES;
				CLANG_WARN_UNREACHABLE_CODE = YES;
				CLANG_WARN__DUPLICATE_METHOD_MATCH = YES;
				"CODE_SIGN_IDENTITY[sdk=iphoneos*]" = "iPhone Developer";
				COPY_PHASE_STRIP = NO;
				DEBUG_INFORMATION_FORMAT = dwarf;
				ENABLE_STRICT_OBJC_MSGSEND = YES;
				ENABLE_TESTABILITY = YES;
				GCC_C_LANGUAGE_STANDARD = gnu99;
				GCC_DYNAMIC_NO_PIC = NO;
				GCC_NO_COMMON_BLOCKS = YES;
				GCC_OPTIMIZATION_LEVEL = 0;
				GCC_PREPROCESSOR_DEFINITIONS = (
					"DEBUG=1",
					"$(inherited)",
				);
				GCC_WARN_64_TO_32_BIT_CONVERSION = YES;
				GCC_WARN_ABOUT_RETURN_TYPE = YES_ERROR;
				GCC_WARN_UNDECLARED_SELECTOR = YES;
				GCC_WARN_UNINITIALIZED_AUTOS = YES_AGGRESSIVE;
				GCC_WARN_UNUSED_FUNCTION = YES;
				GCC_WARN_UNUSED_VARIABLE = YES;
				IPHONEOS_DEPLOYMENT_TARGET = 10.3;
				MTL_ENABLE_DEBUG_INFO = YES;
				ONLY_ACTIVE_ARCH = YES;
				SDKROOT = iphoneos;
				SWIFT_ACTIVE_COMPILATION_CONDITIONS = DEBUG;
				SWIFT_OPTIMIZATION_LEVEL = "-Onone";
				TARGETED_DEVICE_FAMILY = "1,2";
			};
			name = Debug;
		};
		ECD64A761F0A4536004BFA93 /* Release */ = {
			isa = XCBuildConfiguration;
			buildSettings = {
				ALWAYS_SEARCH_USER_PATHS = NO;
				CLANG_ANALYZER_NONNULL = YES;
				CLANG_ANALYZER_NUMBER_OBJECT_CONVERSION = YES_AGGRESSIVE;
				CLANG_CXX_LANGUAGE_STANDARD = "gnu++0x";
				CLANG_CXX_LIBRARY = "libc++";
				CLANG_ENABLE_MODULES = YES;
				CLANG_ENABLE_OBJC_ARC = YES;
				CLANG_WARN_BLOCK_CAPTURE_AUTORELEASING = YES;
				CLANG_WARN_BOOL_CONVERSION = YES;
				CLANG_WARN_COMMA = YES;
				CLANG_WARN_CONSTANT_CONVERSION = YES;
				CLANG_WARN_DIRECT_OBJC_ISA_USAGE = YES_ERROR;
				CLANG_WARN_DOCUMENTATION_COMMENTS = YES;
				CLANG_WARN_EMPTY_BODY = YES;
				CLANG_WARN_ENUM_CONVERSION = YES;
				CLANG_WARN_INFINITE_RECURSION = YES;
				CLANG_WARN_INT_CONVERSION = YES;
				CLANG_WARN_NON_LITERAL_NULL_CONVERSION = YES;
				CLANG_WARN_OBJC_LITERAL_CONVERSION = YES;
				CLANG_WARN_OBJC_ROOT_CLASS = YES_ERROR;
				CLANG_WARN_RANGE_LOOP_ANALYSIS = YES;
				CLANG_WARN_STRICT_PROTOTYPES = YES;
				CLANG_WARN_SUSPICIOUS_MOVE = YES;
				CLANG_WARN_UNREACHABLE_CODE = YES;
				CLANG_WARN__DUPLICATE_METHOD_MATCH = YES;
				"CODE_SIGN_IDENTITY[sdk=iphoneos*]" = "iPhone Developer";
				COPY_PHASE_STRIP = NO;
				DEBUG_INFORMATION_FORMAT = "dwarf-with-dsym";
				ENABLE_NS_ASSERTIONS = NO;
				ENABLE_STRICT_OBJC_MSGSEND = YES;
				GCC_C_LANGUAGE_STANDARD = gnu99;
				GCC_NO_COMMON_BLOCKS = YES;
				GCC_WARN_64_TO_32_BIT_CONVERSION = YES;
				GCC_WARN_ABOUT_RETURN_TYPE = YES_ERROR;
				GCC_WARN_UNDECLARED_SELECTOR = YES;
				GCC_WARN_UNINITIALIZED_AUTOS = YES_AGGRESSIVE;
				GCC_WARN_UNUSED_FUNCTION = YES;
				GCC_WARN_UNUSED_VARIABLE = YES;
				IPHONEOS_DEPLOYMENT_TARGET = 10.3;
				MTL_ENABLE_DEBUG_INFO = NO;
				SDKROOT = iphoneos;
				SWIFT_OPTIMIZATION_LEVEL = "-Owholemodule";
				TARGETED_DEVICE_FAMILY = "1,2";
				VALIDATE_PRODUCT = YES;
			};
			name = Release;
		};
		ECD64A781F0A4536004BFA93 /* Debug */ = {
			isa = XCBuildConfiguration;
			buildSettings = {
				ASSETCATALOG_COMPILER_APPICON_NAME = AppIcon;
				DEVELOPMENT_TEAM = RR2B862M79;
				INFOPLIST_FILE = TimeMock/Info.plist;
				LD_RUNPATH_SEARCH_PATHS = "$(inherited) @executable_path/Frameworks";
				PRODUCT_BUNDLE_IDENTIFIER = com.julzelements.TimeMock;
				PRODUCT_NAME = "$(TARGET_NAME)";
				SWIFT_SWIFT3_OBJC_INFERENCE = Default;
				SWIFT_VERSION = 4.0;
			};
			name = Debug;
		};
		ECD64A791F0A4536004BFA93 /* Release */ = {
			isa = XCBuildConfiguration;
			buildSettings = {
				ASSETCATALOG_COMPILER_APPICON_NAME = AppIcon;
				DEVELOPMENT_TEAM = RR2B862M79;
				INFOPLIST_FILE = TimeMock/Info.plist;
				LD_RUNPATH_SEARCH_PATHS = "$(inherited) @executable_path/Frameworks";
				PRODUCT_BUNDLE_IDENTIFIER = com.julzelements.TimeMock;
				PRODUCT_NAME = "$(TARGET_NAME)";
				SWIFT_SWIFT3_OBJC_INFERENCE = Default;
				SWIFT_VERSION = 4.0;
			};
			name = Release;
		};
		ECD64A7B1F0A4536004BFA93 /* Debug */ = {
			isa = XCBuildConfiguration;
			buildSettings = {
				ALWAYS_EMBED_SWIFT_STANDARD_LIBRARIES = YES;
				BUNDLE_LOADER = "$(TEST_HOST)";
				DEVELOPMENT_TEAM = RR2B862M79;
				INFOPLIST_FILE = TimeMockTests/Info.plist;
				LD_RUNPATH_SEARCH_PATHS = "$(inherited) @executable_path/Frameworks @loader_path/Frameworks";
				PRODUCT_BUNDLE_IDENTIFIER = com.julzelements.TimeMockTests;
				PRODUCT_NAME = "$(TARGET_NAME)";
				SWIFT_SWIFT3_OBJC_INFERENCE = Default;
				SWIFT_VERSION = 4.0;
				TEST_HOST = "$(BUILT_PRODUCTS_DIR)/TimeMock.app/TimeMock";
			};
			name = Debug;
		};
		ECD64A7C1F0A4536004BFA93 /* Release */ = {
			isa = XCBuildConfiguration;
			buildSettings = {
				ALWAYS_EMBED_SWIFT_STANDARD_LIBRARIES = YES;
				BUNDLE_LOADER = "$(TEST_HOST)";
				DEVELOPMENT_TEAM = RR2B862M79;
				INFOPLIST_FILE = TimeMockTests/Info.plist;
				LD_RUNPATH_SEARCH_PATHS = "$(inherited) @executable_path/Frameworks @loader_path/Frameworks";
				PRODUCT_BUNDLE_IDENTIFIER = com.julzelements.TimeMockTests;
				PRODUCT_NAME = "$(TARGET_NAME)";
				SWIFT_SWIFT3_OBJC_INFERENCE = Default;
				SWIFT_VERSION = 4.0;
				TEST_HOST = "$(BUILT_PRODUCTS_DIR)/TimeMock.app/TimeMock";
			};
			name = Release;
		};
/* End XCBuildConfiguration section */

/* Begin XCConfigurationList section */
		ECD64A551F0A4536004BFA93 /* Build configuration list for PBXProject "TimeMock" */ = {
			isa = XCConfigurationList;
			buildConfigurations = (
				ECD64A751F0A4536004BFA93 /* Debug */,
				ECD64A761F0A4536004BFA93 /* Release */,
			);
			defaultConfigurationIsVisible = 0;
			defaultConfigurationName = Release;
		};
		ECD64A771F0A4536004BFA93 /* Build configuration list for PBXNativeTarget "TimeMock" */ = {
			isa = XCConfigurationList;
			buildConfigurations = (
				ECD64A781F0A4536004BFA93 /* Debug */,
				ECD64A791F0A4536004BFA93 /* Release */,
			);
			defaultConfigurationIsVisible = 0;
			defaultConfigurationName = Release;
		};
		ECD64A7A1F0A4536004BFA93 /* Build configuration list for PBXNativeTarget "TimeMockTests" */ = {
			isa = XCConfigurationList;
			buildConfigurations = (
				ECD64A7B1F0A4536004BFA93 /* Debug */,
				ECD64A7C1F0A4536004BFA93 /* Release */,
			);
			defaultConfigurationIsVisible = 0;
			defaultConfigurationName = Release;
		};
/* End XCConfigurationList section */
	};
	rootObject = ECD64A521F0A4536004BFA93 /* Project object */;
}
